
Microsoft Visual Studio Solution File, Format Version 12.00
# Visual Studio Version 17
VisualStudioVersion = 17.11.35312.102
MinimumVisualStudioVersion = 10.0.40219.1
Project("{9A19103F-16F7-4668-BE54-9A1E7A4F7556}") = "BlogApp.API", "BlogApp.API\BlogApp.API.csproj", "{BAD3503E-E3E7-4005-8F63-7AB8218C255D}"
EndProject
Project("{9A19103F-16F7-4668-BE54-9A1E7A4F7556}") = "BlogApp.MVC", "BlogApp.MVC\BlogApp.MVC.csproj", "{A3EA0B77-97FF-48E4-B607-A05A564B06DF}"
EndProject
Project("{9A19103F-16F7-4668-BE54-9A1E7A4F7556}") = "BlogApp.Domain", "BlogApp.Domain\BlogApp.Domain.csproj", "{D448DE82-6C0E-46BD-AF5E-4C7724BE6641}"
EndProject
Project("{9A19103F-16F7-4668-BE54-9A1E7A4F7556}") = "BlogApp.Data", "BlogApp.Data\BlogApp.Data.csproj", "{FE6B1C92-DCAE-44A6-A707-D5A471F3F4BE}"
EndProject
Project("{9A19103F-16F7-4668-BE54-9A1E7A4F7556}") = "BlogApp.Services", "BlogApp.Services\BlogApp.Services.csproj", "{DD0E0B82-0079-4C65-9F18-ACAD2824EB22}"
EndProject
Global
	GlobalSection(SolutionConfigurationPlatforms) = preSolution
		Debug|Any CPU = Debug|Any CPU
		Release|Any CPU = Release|Any CPU
	EndGlobalSection
	GlobalSection(ProjectConfigurationPlatforms) = postSolution
		{BAD3503E-E3E7-4005-8F63-7AB8218C255D}.Debug|Any CPU.ActiveCfg = Debug|Any CPU
		{BAD3503E-E3E7-4005-8F63-7AB8218C255D}.Debug|Any CPU.Build.0 = Debug|Any CPU
		{BAD3503E-E3E7-4005-8F63-7AB8218C255D}.Release|Any CPU.ActiveCfg = Release|Any CPU
		{BAD3503E-E3E7-4005-8F63-7AB8218C255D}.Release|Any CPU.Build.0 = Release|Any CPU
		{A3EA0B77-97FF-48E4-B607-A05A564B06DF}.Debug|Any CPU.ActiveCfg = Debug|Any CPU
		{A3EA0B77-97FF-48E4-B607-A05A564B06DF}.Debug|Any CPU.Build.0 = Debug|Any CPU
		{A3EA0B77-97FF-48E4-B607-A05A564B06DF}.Release|Any CPU.ActiveCfg = Release|Any CPU
		{A3EA0B77-97FF-48E4-B607-A05A564B06DF}.Release|Any CPU.Build.0 = Release|Any CPU
		{D448DE82-6C0E-46BD-AF5E-4C7724BE6641}.Debug|Any CPU.ActiveCfg = Debug|Any CPU
		{D448DE82-6C0E-46BD-AF5E-4C7724BE6641}.Debug|Any CPU.Build.0 = Debug|Any CPU
		{D448DE82-6C0E-46BD-AF5E-4C7724BE6641}.Release|Any CPU.ActiveCfg = Release|Any CPU
		{D448DE82-6C0E-46BD-AF5E-4C7724BE6641}.Release|Any CPU.Build.0 = Release|Any CPU
		{FE6B1C92-DCAE-44A6-A707-D5A471F3F4BE}.Debug|Any CPU.ActiveCfg = Debug|Any CPU
		{FE6B1C92-DCAE-44A6-A707-D5A471F3F4BE}.Debug|Any CPU.Build.0 = Debug|Any CPU
		{FE6B1C92-DCAE-44A6-A707-D5A471F3F4BE}.Release|Any CPU.ActiveCfg = Release|Any CPU
		{FE6B1C92-DCAE-44A6-A707-D5A471F3F4BE}.Release|Any CPU.Build.0 = Release|Any CPU
		{DD0E0B82-0079-4C65-9F18-ACAD2824EB22}.Debug|Any CPU.ActiveCfg = Debug|Any CPU
		{DD0E0B82-0079-4C65-9F18-ACAD2824EB22}.Debug|Any CPU.Build.0 = Debug|Any CPU
		{DD0E0B82-0079-4C65-9F18-ACAD2824EB22}.Release|Any CPU.ActiveCfg = Release|Any CPU
		{DD0E0B82-0079-4C65-9F18-ACAD2824EB22}.Release|Any CPU.Build.0 = Release|Any CPU
	EndGlobalSection
	GlobalSection(SolutionProperties) = preSolution
		HideSolutionNode = FALSE
	EndGlobalSection
	GlobalSection(ExtensibilityGlobals) = postSolution
		SolutionGuid = {97A5C9B9-765A-455D-9E7E-85A701CB725E}
	EndGlobalSection
EndGlobal
